
Microsoft Visual Studio Solution File, Format Version 10.00
# Visual Studio 2008
Project("{FAE04EC0-301F-11D3-BF4B-00C04F79EFBC}") = "BoomBoom", "BoomBoom.csproj", "{BCC4D98D-712C-4A3F-B19A-EFA8E0384480}"
EndProject
Global
	GlobalSection(SolutionConfigurationPlatforms) = preSolution
		Debug|x86 = Debug|x86
		Release|x86 = Release|x86
	EndGlobalSection
	GlobalSection(ProjectConfigurationPlatforms) = postSolution
		{BCC4D98D-712C-4A3F-B19A-EFA8E0384480}.Debug|x86.ActiveCfg = Debug|x86
		{BCC4D98D-712C-4A3F-B19A-EFA8E0384480}.Debug|x86.Build.0 = Debug|x86
		{BCC4D98D-712C-4A3F-B19A-EFA8E0384480}.Release|x86.ActiveCfg = Release|x86
		{BCC4D98D-712C-4A3F-B19A-EFA8E0384480}.Release|x86.Build.0 = Release|x86
		{5205FB0C-F1DD-4880-9060-D56280FB2300}.Debug|x86.ActiveCfg = Debug|x86
		{5205FB0C-F1DD-4880-9060-D56280FB2300}.Release|x86.ActiveCfg = Release|x86
	EndGlobalSection
	GlobalSection(SolutionProperties) = preSolution
		HideSolutionNode = FALSE
	EndGlobalSection
EndGlobal
